
Microsoft Visual Studio Solution File, Format Version 12.00
# Visual Studio 15
VisualStudioVersion = 15.0.27703.2035
MinimumVisualStudioVersion = 10.0.40219.1
Project("{FAE04EC0-301F-11D3-BF4B-00C04F79EFBC}") = "WebAppAspNetCore", "WebAppAspNetCore\WebAppAspNetCore.csproj", "{61A0F89D-D3B5-4C27-9AD7-E09BAC5846C4}"
EndProject
Global
	GlobalSection(SolutionConfigurationPlatforms) = preSolution
		Debug|Any CPU = Debug|Any CPU
		Release|Any CPU = Release|Any CPU
	EndGlobalSection
	GlobalSection(ProjectConfigurationPlatforms) = postSolution
		{61A0F89D-D3B5-4C27-9AD7-E09BAC5846C4}.Debug|Any CPU.ActiveCfg = Debug|Any CPU
		{61A0F89D-D3B5-4C27-9AD7-E09BAC5846C4}.Debug|Any CPU.Build.0 = Debug|Any CPU
		{61A0F89D-D3B5-4C27-9AD7-E09BAC5846C4}.Release|Any CPU.ActiveCfg = Release|Any CPU
		{61A0F89D-D3B5-4C27-9AD7-E09BAC5846C4}.Release|Any CPU.Build.0 = Release|Any CPU
	EndGlobalSection
	GlobalSection(SolutionProperties) = preSolution
		HideSolutionNode = FALSE
	EndGlobalSection
	GlobalSection(ExtensibilityGlobals) = postSolution
		SolutionGuid = {45E4D602-4534-4678-B1B5-D4A60436DAB5}
	EndGlobalSection
EndGlobal
